<?xml version="1.0" encoding="utf-8"?>
<Project ToolsVersion="4.0" xmlns="http://schemas.microsoft.com/developer/msbuild/2003">
  <ItemGroup>
    <Filter Include="Source Files">
      <UniqueIdentifier>{4FC737F1-C7A5-4376-A066-2A32D752A2FF}</UniqueIdentifier>
      <Extensions>cpp;c;cc;cxx;def;odl;idl;hpj;bat;asm;asmx</Extensions>
    </Filter>
    <Filter Include="Header Files">
      <UniqueIdentifier>{93995380-89BD-4b04-88EB-625FBE52EBFB}</UniqueIdentifier>
      <Extensions>h;hh;hpp;hxx;hm;inl;inc;xsd</Extensions>
    </Filter>
    <Filter Include="Resource Files">
      <UniqueIdentifier>{67DA6AB6-F800-4c08-8B7A-83BB121AAD01}</UniqueIdentifier>
      <Extensions>rc;ico;cur;bmp;dlg;rc2;rct;bin;rgs;gif;jpg;jpeg;jpe;resx;tiff;tif;png;wav;mfcribbon-ms</Extensions>
    </Filter>
    <Filter Include="Source Files\QuickFIX">
      <UniqueIdentifier>{4ebab89d-6698-43f2-9b4b-5ff5e468dd9c}</UniqueIdentifier>
    </Filter>
    <Filter Include="Source Files\LSETrading">
      <UniqueIdentifier>{37411134-0caf-4854-883c-4c85c2511b5e}</UniqueIdentifier>
    </Filter>
  </ItemGroup>
  <ItemGroup>
    <ClCompile Include="..\..\adapters\LSETradingAdapter\ExecutionReport.cpp">
      <Filter>Source Files\LSETrading</Filter>
    </ClCompile>
    <ClCompile Include="..\..\adapters\LSETradingAdapter\Logon.cpp">
      <Filter>Source Files\LSETrading</Filter>
    </ClCompile>
    <ClCompile Include="..\..\adapters\LSETradingAdapter\MilleniumAdapter.cpp">
      <Filter>Source Files\LSETrading</Filter>
    </ClCompile>
    <ClCompile Include="..\..\adapters\LSETradingAdapter\MilleniumCodec.cpp">
      <Filter>Source Files\LSETrading</Filter>
    </ClCompile>
    <ClCompile Include="..\..\adapters\LSETradingAdapter\MilleniumMapper.cpp">
      <Filter>Source Files\LSETrading</Filter>
    </ClCompile>
    <ClCompile Include="..\..\adapters\LSETradingAdapter\NewOrder.cpp">
      <Filter>Source Files\LSETrading</Filter>
    </ClCompile>
    <ClCompile Include="..\..\adapters\LSETradingAdapter\OrderCancelRequest.cpp">
      <Filter>Source Files\LSETrading</Filter>
    </ClCompile>
    <ClCompile Include="..\..\adapters\QuickFIXAdapter\QuickFIXAdapter.cpp">
      <Filter>Source Files\QuickFIX</Filter>
    </ClCompile>
    <ClCompile Include="..\..\adapters\QuickFIXAdapter\QuickFIXMessageMapper.cpp">
      <Filter>Source Files\QuickFIX</Filter>
    </ClCompile>
    <ClCompile Include="..\..\adapters\LSETradingAdapter\NormalizedMillenium.cpp">
      <Filter>Source Files\LSETrading</Filter>
    </ClCompile>
  </ItemGroup>
  <ItemGroup>
    <ClInclude Include="NormalizedMillenium.h">
      <Filter>Header Files</Filter>
    </ClInclude>
  </ItemGroup>
</Project>