
Microsoft Visual Studio Solution File, Format Version 12.00
# Visual Studio Express 2013 for Windows Desktop
VisualStudioVersion = 12.0.30723.0
MinimumVisualStudioVersion = 10.0.40219.1
Project("{8BC9CEB8-8B4A-11D0-8D11-00A0C91BC942}") = "adapters", "adapters\adapters.vcxproj", "{B2FDF49F-919C-4673-8B21-44E345C1354A}"
	ProjectSection(ProjectDependencies) = postProject
		{2B8C3B1B-999E-4AB1-9E9D-2638C90055E3} = {2B8C3B1B-999E-4AB1-9E9D-2638C90055E3}
		{D5D558EA-BBAC-4862-A946-D3881BACE3B7} = {D5D558EA-BBAC-4862-A946-D3881BACE3B7}
	EndProjectSection
EndProject
Project("{8BC9CEB8-8B4A-11D0-8D11-00A0C91BC942}") = "benchmark", "benchmark\benchmark.vcxproj", "{BAA82315-A89A-4866-ACBA-B0A8EBFABD7F}"
	ProjectSection(ProjectDependencies) = postProject
		{B2FDF49F-919C-4673-8B21-44E345C1354A} = {B2FDF49F-919C-4673-8B21-44E345C1354A}
	EndProjectSection
EndProject
Project("{8BC9CEB8-8B4A-11D0-8D11-00A0C91BC942}") = "quickfix", "..\quickfix\src\C++\quickfix_vs12.vcxproj", "{D5D558EA-BBAC-4862-A946-D3881BACE3B7}"
EndProject
Project("{8BC9CEB8-8B4A-11D0-8D11-00A0C91BC942}") = "netLink", "netLink\netLink.vcxproj", "{2B8C3B1B-999E-4AB1-9E9D-2638C90055E3}"
EndProject
Global
	GlobalSection(SolutionConfigurationPlatforms) = preSolution
		Debug|Win32 = Debug|Win32
		Release|Win32 = Release|Win32
	EndGlobalSection
	GlobalSection(ProjectConfigurationPlatforms) = postSolution
		{B2FDF49F-919C-4673-8B21-44E345C1354A}.Debug|Win32.ActiveCfg = Debug|Win32
		{B2FDF49F-919C-4673-8B21-44E345C1354A}.Debug|Win32.Build.0 = Debug|Win32
		{B2FDF49F-919C-4673-8B21-44E345C1354A}.Release|Win32.ActiveCfg = Release|Win32
		{B2FDF49F-919C-4673-8B21-44E345C1354A}.Release|Win32.Build.0 = Release|Win32
		{BAA82315-A89A-4866-ACBA-B0A8EBFABD7F}.Debug|Win32.ActiveCfg = Debug|Win32
		{BAA82315-A89A-4866-ACBA-B0A8EBFABD7F}.Debug|Win32.Build.0 = Debug|Win32
		{BAA82315-A89A-4866-ACBA-B0A8EBFABD7F}.Release|Win32.ActiveCfg = Release|Win32
		{BAA82315-A89A-4866-ACBA-B0A8EBFABD7F}.Release|Win32.Build.0 = Release|Win32
		{D5D558EA-BBAC-4862-A946-D3881BACE3B7}.Debug|Win32.ActiveCfg = Debug|Win32
		{D5D558EA-BBAC-4862-A946-D3881BACE3B7}.Debug|Win32.Build.0 = Debug|Win32
		{D5D558EA-BBAC-4862-A946-D3881BACE3B7}.Release|Win32.ActiveCfg = Release|Win32
		{D5D558EA-BBAC-4862-A946-D3881BACE3B7}.Release|Win32.Build.0 = Release|Win32
		{2B8C3B1B-999E-4AB1-9E9D-2638C90055E3}.Debug|Win32.ActiveCfg = Debug|Win32
		{2B8C3B1B-999E-4AB1-9E9D-2638C90055E3}.Debug|Win32.Build.0 = Debug|Win32
		{2B8C3B1B-999E-4AB1-9E9D-2638C90055E3}.Release|Win32.ActiveCfg = Release|Win32
		{2B8C3B1B-999E-4AB1-9E9D-2638C90055E3}.Release|Win32.Build.0 = Release|Win32
	EndGlobalSection
	GlobalSection(SolutionProperties) = preSolution
		HideSolutionNode = FALSE
	EndGlobalSection
EndGlobal
