
Microsoft Visual Studio Solution File, Format Version 12.00
# Visual Studio Express 2013 for Windows Desktop
VisualStudioVersion = 12.0.30723.0
MinimumVisualStudioVersion = 10.0.40219.1
Project("{8BC9CEB8-8B4A-11D0-8D11-00A0C91BC942}") = "benchmark", "benchmark\benchmark.vcxproj", "{BAA82315-A89A-4866-ACBA-B0A8EBFABD7F}"
	ProjectSection(ProjectDependencies) = postProject
		{2B8C3B1B-999E-4AB1-9E9D-2638C90055E3} = {2B8C3B1B-999E-4AB1-9E9D-2638C90055E3}
		{CC0C5B3B-1F05-4E2E-8192-FBA4D721A01D} = {CC0C5B3B-1F05-4E2E-8192-FBA4D721A01D}
		{B2FDF49F-919C-4673-8B21-44E345C1354A} = {B2FDF49F-919C-4673-8B21-44E345C1354A}
	EndProjectSection
EndProject
Project("{8BC9CEB8-8B4A-11D0-8D11-00A0C91BC942}") = "netLink", "netLink\netLink.vcxproj", "{2B8C3B1B-999E-4AB1-9E9D-2638C90055E3}"
EndProject
Project("{8BC9CEB8-8B4A-11D0-8D11-00A0C91BC942}") = "bronze", "bronze\bronze.vcxproj", "{4D9939E1-7B2D-44D8-B06F-14CB6FE7736F}"
	ProjectSection(ProjectDependencies) = postProject
		{CC0C5B3B-1F05-4E2E-8192-FBA4D721A01D} = {CC0C5B3B-1F05-4E2E-8192-FBA4D721A01D}
	EndProjectSection
EndProject
Project("{8BC9CEB8-8B4A-11D0-8D11-00A0C91BC942}") = "bootstrapper", "bootstrapper\bootstrapper.vcxproj", "{3B47F047-C9F6-4B0D-8477-FBAB0D586A7E}"
	ProjectSection(ProjectDependencies) = postProject
		{7E0A7774-6327-4969-AAEA-73E7FE3EA914} = {7E0A7774-6327-4969-AAEA-73E7FE3EA914}
	EndProjectSection
EndProject
Project("{8BC9CEB8-8B4A-11D0-8D11-00A0C91BC942}") = "jsoncpp", "jsoncpp\jsoncpp.vcxproj", "{7E0A7774-6327-4969-AAEA-73E7FE3EA914}"
EndProject
Project("{8BC9CEB8-8B4A-11D0-8D11-00A0C91BC942}") = "test", "test\test.vcxproj", "{2A6CECE7-5426-422A-AB28-39B0626E0771}"
	ProjectSection(ProjectDependencies) = postProject
		{CC0C5B3B-1F05-4E2E-8192-FBA4D721A01D} = {CC0C5B3B-1F05-4E2E-8192-FBA4D721A01D}
		{B2FDF49F-919C-4673-8B21-44E345C1354A} = {B2FDF49F-919C-4673-8B21-44E345C1354A}
	EndProjectSection
EndProject
Project("{8BC9CEB8-8B4A-11D0-8D11-00A0C91BC942}") = "metal", "metal\metal.vcxproj", "{B2FDF49F-919C-4673-8B21-44E345C1354A}"
EndProject
Project("{8BC9CEB8-8B4A-11D0-8D11-00A0C91BC942}") = "adapters", "adapters\adapters.vcxproj", "{CC0C5B3B-1F05-4E2E-8192-FBA4D721A01D}"
	ProjectSection(ProjectDependencies) = postProject
		{B2FDF49F-919C-4673-8B21-44E345C1354A} = {B2FDF49F-919C-4673-8B21-44E345C1354A}
	EndProjectSection
EndProject
Global
	GlobalSection(SolutionConfigurationPlatforms) = preSolution
		Debug|Win32 = Debug|Win32
		Release|Win32 = Release|Win32
	EndGlobalSection
	GlobalSection(ProjectConfigurationPlatforms) = postSolution
		{BAA82315-A89A-4866-ACBA-B0A8EBFABD7F}.Debug|Win32.ActiveCfg = Debug|Win32
		{BAA82315-A89A-4866-ACBA-B0A8EBFABD7F}.Debug|Win32.Build.0 = Debug|Win32
		{BAA82315-A89A-4866-ACBA-B0A8EBFABD7F}.Release|Win32.ActiveCfg = Release|Win32
		{BAA82315-A89A-4866-ACBA-B0A8EBFABD7F}.Release|Win32.Build.0 = Release|Win32
		{2B8C3B1B-999E-4AB1-9E9D-2638C90055E3}.Debug|Win32.ActiveCfg = Debug|Win32
		{2B8C3B1B-999E-4AB1-9E9D-2638C90055E3}.Debug|Win32.Build.0 = Debug|Win32
		{2B8C3B1B-999E-4AB1-9E9D-2638C90055E3}.Release|Win32.ActiveCfg = Release|Win32
		{2B8C3B1B-999E-4AB1-9E9D-2638C90055E3}.Release|Win32.Build.0 = Release|Win32
		{4D9939E1-7B2D-44D8-B06F-14CB6FE7736F}.Debug|Win32.ActiveCfg = Debug|Win32
		{4D9939E1-7B2D-44D8-B06F-14CB6FE7736F}.Debug|Win32.Build.0 = Debug|Win32
		{4D9939E1-7B2D-44D8-B06F-14CB6FE7736F}.Release|Win32.ActiveCfg = Release|Win32
		{4D9939E1-7B2D-44D8-B06F-14CB6FE7736F}.Release|Win32.Build.0 = Release|Win32
		{3B47F047-C9F6-4B0D-8477-FBAB0D586A7E}.Debug|Win32.ActiveCfg = Debug|Win32
		{3B47F047-C9F6-4B0D-8477-FBAB0D586A7E}.Debug|Win32.Build.0 = Debug|Win32
		{3B47F047-C9F6-4B0D-8477-FBAB0D586A7E}.Release|Win32.ActiveCfg = Release|Win32
		{3B47F047-C9F6-4B0D-8477-FBAB0D586A7E}.Release|Win32.Build.0 = Release|Win32
		{7E0A7774-6327-4969-AAEA-73E7FE3EA914}.Debug|Win32.ActiveCfg = Debug|Win32
		{7E0A7774-6327-4969-AAEA-73E7FE3EA914}.Debug|Win32.Build.0 = Debug|Win32
		{7E0A7774-6327-4969-AAEA-73E7FE3EA914}.Release|Win32.ActiveCfg = Release|Win32
		{7E0A7774-6327-4969-AAEA-73E7FE3EA914}.Release|Win32.Build.0 = Release|Win32
		{2A6CECE7-5426-422A-AB28-39B0626E0771}.Debug|Win32.ActiveCfg = Debug|Win32
		{2A6CECE7-5426-422A-AB28-39B0626E0771}.Debug|Win32.Build.0 = Debug|Win32
		{2A6CECE7-5426-422A-AB28-39B0626E0771}.Release|Win32.ActiveCfg = Release|Win32
		{2A6CECE7-5426-422A-AB28-39B0626E0771}.Release|Win32.Build.0 = Release|Win32
		{B2FDF49F-919C-4673-8B21-44E345C1354A}.Debug|Win32.ActiveCfg = Debug|Win32
		{B2FDF49F-919C-4673-8B21-44E345C1354A}.Debug|Win32.Build.0 = Debug|Win32
		{B2FDF49F-919C-4673-8B21-44E345C1354A}.Release|Win32.ActiveCfg = Release|Win32
		{B2FDF49F-919C-4673-8B21-44E345C1354A}.Release|Win32.Build.0 = Release|Win32
		{CC0C5B3B-1F05-4E2E-8192-FBA4D721A01D}.Debug|Win32.ActiveCfg = Debug|Win32
		{CC0C5B3B-1F05-4E2E-8192-FBA4D721A01D}.Debug|Win32.Build.0 = Debug|Win32
		{CC0C5B3B-1F05-4E2E-8192-FBA4D721A01D}.Release|Win32.ActiveCfg = Release|Win32
		{CC0C5B3B-1F05-4E2E-8192-FBA4D721A01D}.Release|Win32.Build.0 = Release|Win32
	EndGlobalSection
	GlobalSection(SolutionProperties) = preSolution
		HideSolutionNode = FALSE
	EndGlobalSection
EndGlobal
